version = 1
revision = 3
requires-python = ">=3.9"
resolution-markers = [
    "python_full_version >= '3.10'",
    "python_full_version < '3.10'",
]

[[package]]
name = "figures"
version = "0.1.0"
source = { virtual = "." }
dependencies = [
    { name = "mermaido" },
]

[package.metadata]
requires-dist = [{ name = "mermaido", specifier = ">=0.2.0" }]

[[package]]
name = "mermaido"
version = "0.2.0"
source = { registry = "https://pypi.org/simple" }
dependencies = [
    { name = "nodejs-wheel" },
    { name = "platformdirs", version = "4.4.0", source = { registry = "https://pypi.org/simple" }, marker = "python_full_version < '3.10'" },
    { name = "platformdirs", version = "4.9.2", source = { registry = "https://pypi.org/simple" }, marker = "python_full_version >= '3.10'" },
]
sdist = { url = "https://files.pythonhosted.org/packages/e3/e3/b38d683d38b5c52601f4647ac0a85123717d2a64860dd5f15f89603a29f4/mermaido-0.2.0.tar.gz", hash = "sha256:e0ae4baa5a60ed5a4597ff911410619a77afcc2df1121d0ac31250e955fd1a0a", size = 17140, upload-time = "2026-02-22T18:21:00.66Z" }
wheels = [
    { url = "https://files.pythonhosted.org/packages/7d/de/11c85f2f17fd5aeb50048010333e85c88a625bf21a4e08aa1b175bf1b69b/mermaido-0.2.0-py3-none-any.whl", hash = "sha256:afb4fc063ca5db10159f63a49b46b14d0fa71b0b67ea206dda37b40102d86d9a", size = 6154, upload-time = "2026-02-22T18:20:59.533Z" },
]

[[package]]
name = "nodejs-wheel"
version = "24.13.1"
source = { registry = "https://pypi.org/simple" }
dependencies = [
    { name = "nodejs-wheel-binaries" },
]
sdist = { url = "https://files.pythonhosted.org/packages/41/ca/29a25eab9d98c1afb041f694058f08f994f08533775dd120065aa0961885/nodejs_wheel-24.13.1.tar.gz", hash = "sha256:a598ca5cecee0627474024542c33b159e4f53799ecd1a491be3d99be6ce9f63f", size = 2967, upload-time = "2026-02-12T17:31:02.55Z" }
wheels = [
    { url = "https://files.pythonhosted.org/packages/07/4f/becc2834baa2898e863646255017990ac977123988f70659d5466adae67d/nodejs_wheel-24.13.1-py3-none-any.whl", hash = "sha256:e8aec59f095381123c7fa812f29c22d41811efad847fc77af981984101031444", size = 3985, upload-time = "2026-02-12T17:30:34.102Z" },
]

[[package]]
name = "nodejs-wheel-binaries"
version = "24.13.1"
source = { registry = "https://pypi.org/simple" }
sdist = { url = "https://files.pythonhosted.org/packages/e5/d0/81d98b8fddc45332f79d6ad5749b1c7409fb18723545eae75d9b7e0048fb/nodejs_wheel_binaries-24.13.1.tar.gz", hash = "sha256:512659a67449a038231e2e972d49e77049d2cf789ae27db39eff4ab1ca52ac57", size = 8056, upload-time = "2026-02-12T17:31:04.368Z" }
wheels = [
    { url = "https://files.pythonhosted.org/packages/aa/04/1ffe1838306654fcb50bcf46172567d50c8e27a76f4b9e55a1971fab5c4f/nodejs_wheel_binaries-24.13.1-py2.py3-none-macosx_13_0_arm64.whl", hash = "sha256:360ac9382c651de294c23c4933a02358c4e11331294983f3cf50ca1ac32666b1", size = 54757440, upload-time = "2026-02-12T17:30:35.748Z" },
    { url = "https://files.pythonhosted.org/packages/66/f6/81ad81bc3bd919a20b110130c4fd318c7b6a5abb37eb53daa353ad908012/nodejs_wheel_binaries-24.13.1-py2.py3-none-macosx_13_0_x86_64.whl", hash = "sha256:035b718946793986762cdd50deee7f5f1a8f1b0bad0f0cfd57cad5492f5ea018", size = 54932957, upload-time = "2026-02-12T17:30:40.114Z" },
    { url = "https://files.pythonhosted.org/packages/14/be/8e8a2bd50953c4c5b7e0fca07368d287917b84054dc3c93dd26a2940f0f9/nodejs_wheel_binaries-24.13.1-py2.py3-none-manylinux_2_28_aarch64.whl", hash = "sha256:f795e9238438c4225f76fbd01e2b8e1a322116bbd0dc15a7dbd585a3ad97961e", size = 59287257, upload-time = "2026-02-12T17:30:43.781Z" },
    { url = "https://files.pythonhosted.org/packages/58/57/92f6dfa40647702a9fa6d32393ce4595d0fc03c1daa9b245df66cc60e959/nodejs_wheel_binaries-24.13.1-py2.py3-none-manylinux_2_28_x86_64.whl", hash = "sha256:978328e3ad522571eb163b042dfbd7518187a13968fe372738f90fdfe8a46afc", size = 59781783, upload-time = "2026-02-12T17:30:47.387Z" },
    { url = "https://files.pythonhosted.org/packages/f7/a5/457b984cf675cf86ace7903204b9c36edf7a2d1b4325ddf71eaf8d1027c7/nodejs_wheel_binaries-24.13.1-py2.py3-none-musllinux_1_2_aarch64.whl", hash = "sha256:e1dc893df85299420cd2a5feea0c3f8482a719b5f7f82d5977d58718b8b78b5f", size = 61287166, upload-time = "2026-02-12T17:30:50.646Z" },
    { url = "https://files.pythonhosted.org/packages/3c/99/da515f7bc3bce35cfa6005f0e0c4e3c4042a466782b143112eb393b663be/nodejs_wheel_binaries-24.13.1-py2.py3-none-musllinux_1_2_x86_64.whl", hash = "sha256:0e581ae219a39073dcadd398a2eb648f0707b0f5d68c565586139f919c91cbe9", size = 61870142, upload-time = "2026-02-12T17:30:54.563Z" },
    { url = "https://files.pythonhosted.org/packages/cc/c0/22001d2c96d8200834af7d1de5e72daa3266c7270330275104c3d9ddd143/nodejs_wheel_binaries-24.13.1-py2.py3-none-win_amd64.whl", hash = "sha256:d4c969ea0bcb8c8b20bc6a7b4ad2796146d820278f17d4dc20229b088c833e22", size = 41185473, upload-time = "2026-02-12T17:30:57.524Z" },
    { url = "https://files.pythonhosted.org/packages/ab/c4/7532325f968ecfc078e8a028e69a52e4c3f95fb800906bf6931ac1e89e2b/nodejs_wheel_binaries-24.13.1-py2.py3-none-win_arm64.whl", hash = "sha256:caec398cb9e94c560bacdcba56b3828df22a355749eb291f47431af88cbf26dc", size = 38881194, upload-time = "2026-02-12T17:31:00.214Z" },
]

[[package]]
name = "platformdirs"
version = "4.4.0"
source = { registry = "https://pypi.org/simple" }
resolution-markers = [
    "python_full_version < '3.10'",
]
sdist = { url = "https://files.pythonhosted.org/packages/23/e8/21db9c9987b0e728855bd57bff6984f67952bea55d6f75e055c46b5383e8/platformdirs-4.4.0.tar.gz", hash = "sha256:ca753cf4d81dc309bc67b0ea38fd15dc97bc30ce419a7f58d13eb3bf14c4febf", size = 21634, upload-time = "2025-08-26T14:32:04.268Z" }
wheels = [
    { url = "https://files.pythonhosted.org/packages/40/4b/2028861e724d3bd36227adfa20d3fd24c3fc6d52032f4a93c133be5d17ce/platformdirs-4.4.0-py3-none-any.whl", hash = "sha256:abd01743f24e5287cd7a5db3752faf1a2d65353f38ec26d98e25a6db65958c85", size = 18654, upload-time = "2025-08-26T14:32:02.735Z" },
]

[[package]]
name = "platformdirs"
version = "4.9.2"
source = { registry = "https://pypi.org/simple" }
resolution-markers = [
    "python_full_version >= '3.10'",
]
sdist = { url = "https://files.pythonhosted.org/packages/1b/04/fea538adf7dbbd6d186f551d595961e564a3b6715bdf276b477460858672/platformdirs-4.9.2.tar.gz", hash = "sha256:9a33809944b9db043ad67ca0db94b14bf452cc6aeaac46a88ea55b26e2e9d291", size = 28394, upload-time = "2026-02-16T03:56:10.574Z" }
wheels = [
    { url = "https://files.pythonhosted.org/packages/48/31/05e764397056194206169869b50cf2fee4dbbbc71b344705b9c0d878d4d8/platformdirs-4.9.2-py3-none-any.whl", hash = "sha256:9170634f126f8efdae22fb58ae8a0eaa86f38365bc57897a6c4f781d1f5875bd", size = 21168, upload-time = "2026-02-16T03:56:08.891Z" },
]
